
Microsoft Visual Studio Solution File, Format Version 12.00
# Visual Studio 15
VisualStudioVersion = 15.0.28307.572
MinimumVisualStudioVersion = 10.0.40219.1
Project("{FAE04EC0-301F-11D3-BF4B-00C04F79EFBC}") = "TravishLearnBot", "TravishLearnBot\TravishLearnBot.csproj", "{8F200DA2-49F5-473A-B7CD-71141C0F180F}"
EndProject
Global
	GlobalSection(SolutionConfigurationPlatforms) = preSolution
		Debug|Any CPU = Debug|Any CPU
		Release|Any CPU = Release|Any CPU
	EndGlobalSection
	GlobalSection(ProjectConfigurationPlatforms) = postSolution
		{8F200DA2-49F5-473A-B7CD-71141C0F180F}.Debug|Any CPU.ActiveCfg = Debug|Any CPU
		{8F200DA2-49F5-473A-B7CD-71141C0F180F}.Debug|Any CPU.Build.0 = Debug|Any CPU
		{8F200DA2-49F5-473A-B7CD-71141C0F180F}.Release|Any CPU.ActiveCfg = Release|Any CPU
		{8F200DA2-49F5-473A-B7CD-71141C0F180F}.Release|Any CPU.Build.0 = Release|Any CPU
	EndGlobalSection
	GlobalSection(SolutionProperties) = preSolution
		HideSolutionNode = FALSE
	EndGlobalSection
	GlobalSection(ExtensibilityGlobals) = postSolution
		SolutionGuid = {34E736C7-A2A7-44FB-9359-E82691A9CC9F}
	EndGlobalSection
EndGlobal
